Microsoft Visual Studio Solution File, Format Version 12.00
# Visual Studio Version 17
VisualStudioVersion = 17.0.31903.59
MinimumVisualStudioVersion = 10.0.40219.1
Project("{FAE04EC0-301F-11D3-BF4B-00C04F79EFBC}") = "SimpleLibrary.Common", "SimpleLibrary.Common\SimpleLibrary.Common.csproj", "{39D5E451-9F59-4D3B-A44B-652EB89415B7}"
EndProject
Project("{FAE04EC0-301F-11D3-BF4B-00C04F79EFBC}") = "SimpleLibrary.Console", "SimpleLibrary.Console\SimpleLibrary.Console.csproj", "{14B6AD3B-477C-4567-B092-A046D0C46729}"
EndProject
Global
	GlobalSection(SolutionConfigurationPlatforms) = preSolution
		Debug|Any CPU = Debug|Any CPU
		Release|Any CPU = Release|Any CPU
	EndGlobalSection
	GlobalSection(ProjectConfigurationPlatforms) = postSolution
		{39D5E451-9F59-4D3B-A44B-652EB89415B7}.Debug|Any CPU.ActiveCfg = Debug|Any CPU
		{39D5E451-9F59-4D3B-A44B-652EB89415B7}.Debug|Any CPU.Build.0 = Debug|Any CPU
		{39D5E451-9F59-4D3B-A44B-652EB89415B7}.Release|Any CPU.ActiveCfg = Release|Any CPU
		{39D5E451-9F59-4D3B-A44B-652EB89415B7}.Release|Any CPU.Build.0 = Release|Any CPU
		{14B6AD3B-477C-4567-B092-A046D0C46729}.Debug|Any CPU.ActiveCfg = Debug|Any CPU
		{14B6AD3B-477C-4567-B092-A046D0C46729}.Debug|Any CPU.Build.0 = Debug|Any CPU
		{14B6AD3B-477C-4567-B092-A046D0C46729}.Release|Any CPU.ActiveCfg = Release|Any CPU
		{14B6AD3B-477C-4567-B092-A046D0C46729}.Release|Any CPU.Build.0 = Release|Any CPU
	EndGlobalSection
EndGlobal
